
Microsoft Visual Studio Solution File, Format Version 12.00
# Visual Studio Version 16
VisualStudioVersion = 16.0.30523.141
MinimumVisualStudioVersion = 10.0.40219.1
Project("{8BC9CEB8-8B4A-11D0-8D11-00A0C91BC942}") = "GAME1011_W2021_Lab1_LeNguyenTruongHai", "GAME1011_W2021_AS1_LeNguyenTruongHai.vcxproj", "{33E2172B-D7C3-4171-B34E-F86A144DD0DB}"
EndProject
Project("{8BC9CEB8-8B4A-11D0-8D11-00A0C91BC942}") = "GAME1011_W2021_Lab2_LeNguyenTruongHai", "..\GAME1011_W2021_Lab2_LeNguyenTruongHai\GAME1011_W2021_Lab2_LeNguyenTruongHai.vcxproj", "{DB078DEE-1F0E-4D79-B387-A5EE76FFC771}"
EndProject
Global
	GlobalSection(SolutionConfigurationPlatforms) = preSolution
		Debug|x64 = Debug|x64
		Debug|x86 = Debug|x86
		Release|x64 = Release|x64
		Release|x86 = Release|x86
	EndGlobalSection
	GlobalSection(ProjectConfigurationPlatforms) = postSolution
		{33E2172B-D7C3-4171-B34E-F86A144DD0DB}.Debug|x64.ActiveCfg = Debug|x64
		{33E2172B-D7C3-4171-B34E-F86A144DD0DB}.Debug|x64.Build.0 = Debug|x64
		{33E2172B-D7C3-4171-B34E-F86A144DD0DB}.Debug|x86.ActiveCfg = Debug|Win32
		{33E2172B-D7C3-4171-B34E-F86A144DD0DB}.Debug|x86.Build.0 = Debug|Win32
		{33E2172B-D7C3-4171-B34E-F86A144DD0DB}.Release|x64.ActiveCfg = Release|x64
		{33E2172B-D7C3-4171-B34E-F86A144DD0DB}.Release|x64.Build.0 = Release|x64
		{33E2172B-D7C3-4171-B34E-F86A144DD0DB}.Release|x86.ActiveCfg = Release|Win32
		{33E2172B-D7C3-4171-B34E-F86A144DD0DB}.Release|x86.Build.0 = Release|Win32
		{DB078DEE-1F0E-4D79-B387-A5EE76FFC771}.Debug|x64.ActiveCfg = Debug|x64
		{DB078DEE-1F0E-4D79-B387-A5EE76FFC771}.Debug|x64.Build.0 = Debug|x64
		{DB078DEE-1F0E-4D79-B387-A5EE76FFC771}.Debug|x86.ActiveCfg = Debug|Win32
		{DB078DEE-1F0E-4D79-B387-A5EE76FFC771}.Debug|x86.Build.0 = Debug|Win32
		{DB078DEE-1F0E-4D79-B387-A5EE76FFC771}.Release|x64.ActiveCfg = Release|x64
		{DB078DEE-1F0E-4D79-B387-A5EE76FFC771}.Release|x64.Build.0 = Release|x64
		{DB078DEE-1F0E-4D79-B387-A5EE76FFC771}.Release|x86.ActiveCfg = Release|Win32
		{DB078DEE-1F0E-4D79-B387-A5EE76FFC771}.Release|x86.Build.0 = Release|Win32
	EndGlobalSection
	GlobalSection(SolutionProperties) = preSolution
		HideSolutionNode = FALSE
	EndGlobalSection
	GlobalSection(ExtensibilityGlobals) = postSolution
		SolutionGuid = {D30D5B53-D635-41CB-ACB4-889764D5D48C}
	EndGlobalSection
EndGlobal
